
Microsoft Visual Studio Solution File, Format Version 12.00
# Visual Studio Version 16
VisualStudioVersion = 16.0.31112.23
MinimumVisualStudioVersion = 10.0.40219.1
Project("{FAE04EC0-301F-11D3-BF4B-00C04F79EFBC}") = "U19221887_HW3", "U19221887_HW3\U19221887_HW3.csproj", "{70672A57-6E25-4458-B193-7F86DBEDC2DB}"
EndProject
Global
	GlobalSection(SolutionConfigurationPlatforms) = preSolution
		Debug|Any CPU = Debug|Any CPU
		Release|Any CPU = Release|Any CPU
	EndGlobalSection
	GlobalSection(ProjectConfigurationPlatforms) = postSolution
		{70672A57-6E25-4458-B193-7F86DBEDC2DB}.Debug|Any CPU.ActiveCfg = Debug|Any CPU
		{70672A57-6E25-4458-B193-7F86DBEDC2DB}.Debug|Any CPU.Build.0 = Debug|Any CPU
		{70672A57-6E25-4458-B193-7F86DBEDC2DB}.Release|Any CPU.ActiveCfg = Release|Any CPU
		{70672A57-6E25-4458-B193-7F86DBEDC2DB}.Release|Any CPU.Build.0 = Release|Any CPU
	EndGlobalSection
	GlobalSection(SolutionProperties) = preSolution
		HideSolutionNode = FALSE
	EndGlobalSection
	GlobalSection(ExtensibilityGlobals) = postSolution
		SolutionGuid = {1AE7308A-FC05-40D5-9328-2E3D8FC34B35}
	EndGlobalSection
EndGlobal
